// !$*UTF8*$!
{
	archiveVersion = 1;
	classes = {
	};
	objectVersion = 56;
	objects = {

/* Begin PBXBuildFile section */
		D89906CD2A4566D4001B0A0D /* AppDelegate.swift in Sources */ = {isa = PBXBuildFile; fileRef = D89906CC2A4566D4001B0A0D /* AppDelegate.swift */; };
		D89906CF2A4566D4001B0A0D /* SceneDelegate.swift in Sources */ = {isa = PBXBuildFile; fileRef = D89906CE2A4566D4001B0A0D /* SceneDelegate.swift */; };
		D89906D42A4566D4001B0A0D /* Main.storyboard in Resources */ = {isa = PBXBuildFile; fileRef = D89906D22A4566D4001B0A0D /* Main.storyboard */; };
		D89906D62A4566D5001B0A0D /* Assets.xcassets in Resources */ = {isa = PBXBuildFile; fileRef = D89906D52A4566D5001B0A0D /* Assets.xcassets */; };
		D89906D92A4566D5001B0A0D /* LaunchScreen.storyboard in Resources */ = {isa = PBXBuildFile; fileRef = D89906D72A4566D5001B0A0D /* LaunchScreen.storyboard */; };
		D89906E22A4567BF001B0A0D /* OrdersTVC.swift in Sources */ = {isa = PBXBuildFile; fileRef = D89906E12A4567BF001B0A0D /* OrdersTVC.swift */; };
		D89906E72A456D3A001B0A0D /* Webservice.swift in Sources */ = {isa = PBXBuildFile; fileRef = D89906E62A456D3A001B0A0D /* Webservice.swift */; };
		D89906EA2A456F36001B0A0D /* Order.swift in Sources */ = {isa = PBXBuildFile; fileRef = D89906E92A456F36001B0A0D /* Order.swift */; };
		D89906ED2A4575B0001B0A0D /* OrderVM.swift in Sources */ = {isa = PBXBuildFile; fileRef = D89906EC2A4575B0001B0A0D /* OrderVM.swift */; };
		D89906EF2A457B03001B0A0D /* AddCoffeeOrderViewModel.swift in Sources */ = {isa = PBXBuildFile; fileRef = D89906EE2A457B03001B0A0D /* AddCoffeeOrderViewModel.swift */; };
		D89906F12A45816A001B0A0D /* AddOrderVC.swift in Sources */ = {isa = PBXBuildFile; fileRef = D89906F02A45816A001B0A0D /* AddOrderVC.swift */; };
/* End PBXBuildFile section */

/* Begin PBXFileReference section */
		D89906C92A4566D4001B0A0D /* HotCoffee.app */ = {isa = PBXFileReference; explicitFileType = wrapper.application; includeInIndex = 0; path = HotCoffee.app; sourceTree = BUILT_PRODUCTS_DIR; };
		D89906CC2A4566D4001B0A0D /* AppDelegate.swift */ = {isa = PBXFileReference; lastKnownFileType = sourcecode.swift; path = AppDelegate.swift; sourceTree = "<group>"; };
		D89906CE2A4566D4001B0A0D /* SceneDelegate.swift */ = {isa = PBXFileReference; lastKnownFileType = sourcecode.swift; path = SceneDelegate.swift; sourceTree = "<group>"; };
		D89906D32A4566D4001B0A0D /* Base */ = {isa = PBXFileReference; lastKnownFileType = file.storyboard; name = Base; path = Base.lproj/Main.storyboard; sourceTree = "<group>"; };
		D89906D52A4566D5001B0A0D /* Assets.xcassets */ = {isa = PBXFileReference; lastKnownFileType = folder.assetcatalog; path = Assets.xcassets; sourceTree = "<group>"; };
		D89906D82A4566D5001B0A0D /* Base */ = {isa = PBXFileReference; lastKnownFileType = file.storyboard; name = Base; path = Base.lproj/LaunchScreen.storyboard; sourceTree = "<group>"; };
		D89906DA2A4566D5001B0A0D /* Info.plist */ = {isa = PBXFileReference; lastKnownFileType = text.plist.xml; path = Info.plist; sourceTree = "<group>"; };
		D89906E12A4567BF001B0A0D /* OrdersTVC.swift */ = {isa = PBXFileReference; lastKnownFileType = sourcecode.swift; path = OrdersTVC.swift; sourceTree = "<group>"; };
		D89906E62A456D3A001B0A0D /* Webservice.swift */ = {isa = PBXFileReference; lastKnownFileType = sourcecode.swift; path = Webservice.swift; sourceTree = "<group>"; };
		D89906E92A456F36001B0A0D /* Order.swift */ = {isa = PBXFileReference; lastKnownFileType = sourcecode.swift; path = Order.swift; sourceTree = "<group>"; };
		D89906EC2A4575B0001B0A0D /* OrderVM.swift */ = {isa = PBXFileReference; lastKnownFileType = sourcecode.swift; path = OrderVM.swift; sourceTree = "<group>"; };
		D89906EE2A457B03001B0A0D /* AddCoffeeOrderViewModel.swift */ = {isa = PBXFileReference; lastKnownFileType = sourcecode.swift; path = AddCoffeeOrderViewModel.swift; sourceTree = "<group>"; };
		D89906F02A45816A001B0A0D /* AddOrderVC.swift */ = {isa = PBXFileReference; lastKnownFileType = sourcecode.swift; path = AddOrderVC.swift; sourceTree = "<group>"; };
/* End PBXFileReference section */

/* Begin PBXFrameworksBuildPhase section */
		D89906C62A4566D4001B0A0D /* Frameworks */ = {
			isa = PBXFrameworksBuildPhase;
			buildActionMask = 2147483647;
			files = (
			);
			runOnlyForDeploymentPostprocessing = 0;
		};
/* End PBXFrameworksBuildPhase section */

/* Begin PBXGroup section */
		D89906C02A4566D4001B0A0D = {
			isa = PBXGroup;
			children = (
				D89906CB2A4566D4001B0A0D /* HotCoffee */,
				D89906CA2A4566D4001B0A0D /* Products */,
			);
			sourceTree = "<group>";
		};
		D89906CA2A4566D4001B0A0D /* Products */ = {
			isa = PBXGroup;
			children = (
				D89906C92A4566D4001B0A0D /* HotCoffee.app */,
			);
			name = Products;
			sourceTree = "<group>";
		};
		D89906CB2A4566D4001B0A0D /* HotCoffee */ = {
			isa = PBXGroup;
			children = (
				D89906EB2A457592001B0A0D /* ViewModels */,
				D89906E82A456F20001B0A0D /* Models */,
				D89906E52A456D2C001B0A0D /* Services */,
				D89906E02A4566ED001B0A0D /* Controllers */,
				D89906CC2A4566D4001B0A0D /* AppDelegate.swift */,
				D89906CE2A4566D4001B0A0D /* SceneDelegate.swift */,
				D89906D22A4566D4001B0A0D /* Main.storyboard */,
				D89906D52A4566D5001B0A0D /* Assets.xcassets */,
				D89906D72A4566D5001B0A0D /* LaunchScreen.storyboard */,
				D89906DA2A4566D5001B0A0D /* Info.plist */,
			);
			path = HotCoffee;
			sourceTree = "<group>";
		};
		D89906E02A4566ED001B0A0D /* Controllers */ = {
			isa = PBXGroup;
			children = (
				D89906E12A4567BF001B0A0D /* OrdersTVC.swift */,
				D89906F02A45816A001B0A0D /* AddOrderVC.swift */,
			);
			path = Controllers;
			sourceTree = "<group>";
		};
		D89906E52A456D2C001B0A0D /* Services */ = {
			isa = PBXGroup;
			children = (
				D89906E62A456D3A001B0A0D /* Webservice.swift */,
			);
			path = Services;
			sourceTree = "<group>";
		};
		D89906E82A456F20001B0A0D /* Models */ = {
			isa = PBXGroup;
			children = (
				D89906E92A456F36001B0A0D /* Order.swift */,
			);
			path = Models;
			sourceTree = "<group>";
		};
		D89906EB2A457592001B0A0D /* ViewModels */ = {
			isa = PBXGroup;
			children = (
				D89906EC2A4575B0001B0A0D /* OrderVM.swift */,
				D89906EE2A457B03001B0A0D /* AddCoffeeOrderViewModel.swift */,
			);
			path = ViewModels;
			sourceTree = "<group>";
		};
/* End PBXGroup section */

/* Begin PBXNativeTarget section */
		D89906C82A4566D4001B0A0D /* HotCoffee */ = {
			isa = PBXNativeTarget;
			buildConfigurationList = D89906DD2A4566D5001B0A0D /* Build configuration list for PBXNativeTarget "HotCoffee" */;
			buildPhases = (
				D89906C52A4566D4001B0A0D /* Sources */,
				D89906C62A4566D4001B0A0D /* Frameworks */,
				D89906C72A4566D4001B0A0D /* Resources */,
			);
			buildRules = (
			);
			dependencies = (
			);
			name = HotCoffee;
			productName = HotCoffee;
			productReference = D89906C92A4566D4001B0A0D /* HotCoffee.app */;
			productType = "com.apple.product-type.application";
		};
/* End PBXNativeTarget section */

/* Begin PBXProject section */
		D89906C12A4566D4001B0A0D /* Project object */ = {
			isa = PBXProject;
			attributes = {
				BuildIndependentTargetsInParallel = 1;
				LastSwiftUpdateCheck = 1430;
				LastUpgradeCheck = 1430;
				TargetAttributes = {
					D89906C82A4566D4001B0A0D = {
						CreatedOnToolsVersion = 14.3.1;
					};
				};
			};
			buildConfigurationList = D89906C42A4566D4001B0A0D /* Build configuration list for PBXProject "HotCoffee" */;
			compatibilityVersion = "Xcode 14.0";
			developmentRegion = en;
			hasScannedForEncodings = 0;
			knownRegions = (
				en,
				Base,
			);
			mainGroup = D89906C02A4566D4001B0A0D;
			productRefGroup = D89906CA2A4566D4001B0A0D /* Products */;
			projectDirPath = "";
			projectRoot = "";
			targets = (
				D89906C82A4566D4001B0A0D /* HotCoffee */,
			);
		};
/* End PBXProject section */

/* Begin PBXResourcesBuildPhase section */
		D89906C72A4566D4001B0A0D /* Resources */ = {
			isa = PBXResourcesBuildPhase;
			buildActionMask = 2147483647;
			files = (
				D89906D92A4566D5001B0A0D /* LaunchScreen.storyboard in Resources */,
				D89906D62A4566D5001B0A0D /* Assets.xcassets in Resources */,
				D89906D42A4566D4001B0A0D /* Main.storyboard in Resources */,
			);
			runOnlyForDeploymentPostprocessing = 0;
		};
/* End PBXResourcesBuildPhase section */

/* Begin PBXSourcesBuildPhase section */
		D89906C52A4566D4001B0A0D /* Sources */ = {
			isa = PBXSourcesBuildPhase;
			buildActionMask = 2147483647;
			files = (
				D89906EA2A456F36001B0A0D /* Order.swift in Sources */,
				D89906F12A45816A001B0A0D /* AddOrderVC.swift in Sources */,
				D89906EF2A457B03001B0A0D /* AddCoffeeOrderViewModel.swift in Sources */,
				D89906E22A4567BF001B0A0D /* OrdersTVC.swift in Sources */,
				D89906CD2A4566D4001B0A0D /* AppDelegate.swift in Sources */,
				D89906E72A456D3A001B0A0D /* Webservice.swift in Sources */,
				D89906ED2A4575B0001B0A0D /* OrderVM.swift in Sources */,
				D89906CF2A4566D4001B0A0D /* SceneDelegate.swift in Sources */,
			);
			runOnlyForDeploymentPostprocessing = 0;
		};
/* End PBXSourcesBuildPhase section */

/* Begin PBXVariantGroup section */
		D89906D22A4566D4001B0A0D /* Main.storyboard */ = {
			isa = PBXVariantGroup;
			children = (
				D89906D32A4566D4001B0A0D /* Base */,
			);
			name = Main.storyboard;
			sourceTree = "<group>";
		};
		D89906D72A4566D5001B0A0D /* LaunchScreen.storyboard */ = {
			isa = PBXVariantGroup;
			children = (
				D89906D82A4566D5001B0A0D /* Base */,
			);
			name = LaunchScreen.storyboard;
			sourceTree = "<group>";
		};
/* End PBXVariantGroup section */

/* Begin XCBuildConfiguration section */
		D89906DB2A4566D5001B0A0D /* Debug */ = {
			isa = XCBuildConfiguration;
			buildSettings = {
				ALWAYS_SEARCH_USER_PATHS = NO;
				CLANG_ANALYZER_NONNULL = YES;
				CLANG_ANALYZER_NUMBER_OBJECT_CONVERSION = YES_AGGRESSIVE;
				CLANG_CXX_LANGUAGE_STANDARD = "gnu++20";
				CLANG_ENABLE_MODULES = YES;
				CLANG_ENABLE_OBJC_ARC = YES;
				CLANG_ENABLE_OBJC_WEAK = YES;
				CLANG_WARN_BLOCK_CAPTURE_AUTORELEASING = YES;
				CLANG_WARN_BOOL_CONVERSION = YES;
				CLANG_WARN_COMMA = YES;
				CLANG_WARN_CONSTANT_CONVERSION = YES;
				CLANG_WARN_DEPRECATED_OBJC_IMPLEMENTATIONS = YES;
				CLANG_WARN_DIRECT_OBJC_ISA_USAGE = YES_ERROR;
				CLANG_WARN_DOCUMENTATION_COMMENTS = YES;
				CLANG_WARN_EMPTY_BODY = YES;
				CLANG_WARN_ENUM_CONVERSION = YES;
				CLANG_WARN_INFINITE_RECURSION = YES;
				CLANG_WARN_INT_CONVERSION = YES;
				CLANG_WARN_NON_LITERAL_NULL_CONVERSION = YES;
				CLANG_WARN_OBJC_IMPLICIT_RETAIN_SELF = YES;
				CLANG_WARN_OBJC_LITERAL_CONVERSION = YES;
				CLANG_WARN_OBJC_ROOT_CLASS = YES_ERROR;
				CLANG_WARN_QUOTED_INCLUDE_IN_FRAMEWORK_HEADER = YES;
				CLANG_WARN_RANGE_LOOP_ANALYSIS = YES;
				CLANG_WARN_STRICT_PROTOTYPES = YES;
				CLANG_WARN_SUSPICIOUS_MOVE = YES;
				CLANG_WARN_UNGUARDED_AVAILABILITY = YES_AGGRESSIVE;
				CLANG_WARN_UNREACHABLE_CODE = YES;
				CLANG_WARN__DUPLICATE_METHOD_MATCH = YES;
				COPY_PHASE_STRIP = NO;
				DEBUG_INFORMATION_FORMAT = dwarf;
				ENABLE_STRICT_OBJC_MSGSEND = YES;
				ENABLE_TESTABILITY = YES;
				GCC_C_LANGUAGE_STANDARD = gnu11;
				GCC_DYNAMIC_NO_PIC = NO;
				GCC_NO_COMMON_BLOCKS = YES;
				GCC_OPTIMIZATION_LEVEL = 0;
				GCC_PREPROCESSOR_DEFINITIONS = (
					"DEBUG=1",
					"$(inherited)",
				);
				GCC_WARN_64_TO_32_BIT_CONVERSION = YES;
				GCC_WARN_ABOUT_RETURN_TYPE = YES_ERROR;
				GCC_WARN_UNDECLARED_SELECTOR = YES;
				GCC_WARN_UNINITIALIZED_AUTOS = YES_AGGRESSIVE;
				GCC_WARN_UNUSED_FUNCTION = YES;
				GCC_WARN_UNUSED_VARIABLE = YES;
				IPHONEOS_DEPLOYMENT_TARGET = 16.4;
				MTL_ENABLE_DEBUG_INFO = INCLUDE_SOURCE;
				MTL_FAST_MATH = YES;
				ONLY_ACTIVE_ARCH = YES;
				SDKROOT = iphoneos;
				SWIFT_ACTIVE_COMPILATION_CONDITIONS = DEBUG;
				SWIFT_OPTIMIZATION_LEVEL = "-Onone";
			};
			name = Debug;
		};
		D89906DC2A4566D5001B0A0D /* Release */ = {
			isa = XCBuildConfiguration;
			buildSettings = {
				ALWAYS_SEARCH_USER_PATHS = NO;
				CLANG_ANALYZER_NONNULL = YES;
				CLANG_ANALYZER_NUMBER_OBJECT_CONVERSION = YES_AGGRESSIVE;
				CLANG_CXX_LANGUAGE_STANDARD = "gnu++20";
				CLANG_ENABLE_MODULES = YES;
				CLANG_ENABLE_OBJC_ARC = YES;
				CLANG_ENABLE_OBJC_WEAK = YES;
				CLANG_WARN_BLOCK_CAPTURE_AUTORELEASING = YES;
				CLANG_WARN_BOOL_CONVERSION = YES;
				CLANG_WARN_COMMA = YES;
				CLANG_WARN_CONSTANT_CONVERSION = YES;
				CLANG_WARN_DEPRECATED_OBJC_IMPLEMENTATIONS = YES;
				CLANG_WARN_DIRECT_OBJC_ISA_USAGE = YES_ERROR;
				CLANG_WARN_DOCUMENTATION_COMMENTS = YES;
				CLANG_WARN_EMPTY_BODY = YES;
				CLANG_WARN_ENUM_CONVERSION = YES;
				CLANG_WARN_INFINITE_RECURSION = YES;
				CLANG_WARN_INT_CONVERSION = YES;
				CLANG_WARN_NON_LITERAL_NULL_CONVERSION = YES;
				CLANG_WARN_OBJC_IMPLICIT_RETAIN_SELF = YES;
				CLANG_WARN_OBJC_LITERAL_CONVERSION = YES;
				CLANG_WARN_OBJC_ROOT_CLASS = YES_ERROR;
				CLANG_WARN_QUOTED_INCLUDE_IN_FRAMEWORK_HEADER = YES;
				CLANG_WARN_RANGE_LOOP_ANALYSIS = YES;
				CLANG_WARN_STRICT_PROTOTYPES = YES;
				CLANG_WARN_SUSPICIOUS_MOVE = YES;
				CLANG_WARN_UNGUARDED_AVAILABILITY = YES_AGGRESSIVE;
				CLANG_WARN_UNREACHABLE_CODE = YES;
				CLANG_WARN__DUPLICATE_METHOD_MATCH = YES;
				COPY_PHASE_STRIP = NO;
				DEBUG_INFORMATION_FORMAT = "dwarf-with-dsym";
				ENABLE_NS_ASSERTIONS = NO;
				ENABLE_STRICT_OBJC_MSGSEND = YES;
				GCC_C_LANGUAGE_STANDARD = gnu11;
				GCC_NO_COMMON_BLOCKS = YES;
				GCC_WARN_64_TO_32_BIT_CONVERSION = YES;
				GCC_WARN_ABOUT_RETURN_TYPE = YES_ERROR;
				GCC_WARN_UNDECLARED_SELECTOR = YES;
				GCC_WARN_UNINITIALIZED_AUTOS = YES_AGGRESSIVE;
				GCC_WARN_UNUSED_FUNCTION = YES;
				GCC_WARN_UNUSED_VARIABLE = YES;
				IPHONEOS_DEPLOYMENT_TARGET = 16.4;
				MTL_ENABLE_DEBUG_INFO = NO;
				MTL_FAST_MATH = YES;
				SDKROOT = iphoneos;
				SWIFT_COMPILATION_MODE = wholemodule;
				SWIFT_OPTIMIZATION_LEVEL = "-O";
				VALIDATE_PRODUCT = YES;
			};
			name = Release;
		};
		D89906DE2A4566D5001B0A0D /* Debug */ = {
			isa = XCBuildConfiguration;
			buildSettings = {
				ASSETCATALOG_COMPILER_APPICON_NAME = AppIcon;
				ASSETCATALOG_COMPILER_GLOBAL_ACCENT_COLOR_NAME = AccentColor;
				CODE_SIGN_STYLE = Automatic;
				CURRENT_PROJECT_VERSION = 1;
				DEVELOPMENT_TEAM = 74AQA4M4HV;
				GENERATE_INFOPLIST_FILE = YES;
				INFOPLIST_FILE = HotCoffee/Info.plist;
				INFOPLIST_KEY_UIApplicationSupportsIndirectInputEvents = YES;
				INFOPLIST_KEY_UILaunchStoryboardName = LaunchScreen;
				INFOPLIST_KEY_UIMainStoryboardFile = Main;
				INFOPLIST_KEY_UISupportedInterfaceOrientations_iPad = "UIInterfaceOrientationPortrait UIInterfaceOrientationPortraitUpsideDown UIInterfaceOrientationLandscapeLeft UIInterfaceOrientationLandscapeRight";
				INFOPLIST_KEY_UISupportedInterfaceOrientations_iPhone = "UIInterfaceOrientationPortrait UIInterfaceOrientationLandscapeLeft UIInterfaceOrientationLandscapeRight";
				LD_RUNPATH_SEARCH_PATHS = (
					"$(inherited)",
					"@executable_path/Frameworks",
				);
				MARKETING_VERSION = 1.0;
				PRODUCT_BUNDLE_IDENTIFIER = "Dominique-Strachan.HotCoffee";
				PRODUCT_NAME = "$(TARGET_NAME)";
				SWIFT_EMIT_LOC_STRINGS = YES;
				SWIFT_VERSION = 5.0;
				TARGETED_DEVICE_FAMILY = "1,2";
			};
			name = Debug;
		};
		D89906DF2A4566D5001B0A0D /* Release */ = {
			isa = XCBuildConfiguration;
			buildSettings = {
				ASSETCATALOG_COMPILER_APPICON_NAME = AppIcon;
				ASSETCATALOG_COMPILER_GLOBAL_ACCENT_COLOR_NAME = AccentColor;
				CODE_SIGN_STYLE = Automatic;
				CURRENT_PROJECT_VERSION = 1;
				DEVELOPMENT_TEAM = 74AQA4M4HV;
				GENERATE_INFOPLIST_FILE = YES;
				INFOPLIST_FILE = HotCoffee/Info.plist;
				INFOPLIST_KEY_UIApplicationSupportsIndirectInputEvents = YES;
				INFOPLIST_KEY_UILaunchStoryboardName = LaunchScreen;
				INFOPLIST_KEY_UIMainStoryboardFile = Main;
				INFOPLIST_KEY_UISupportedInterfaceOrientations_iPad = "UIInterfaceOrientationPortrait UIInterfaceOrientationPortraitUpsideDown UIInterfaceOrientationLandscapeLeft UIInterfaceOrientationLandscapeRight";
				INFOPLIST_KEY_UISupportedInterfaceOrientations_iPhone = "UIInterfaceOrientationPortrait UIInterfaceOrientationLandscapeLeft UIInterfaceOrientationLandscapeRight";
				LD_RUNPATH_SEARCH_PATHS = (
					"$(inherited)",
					"@executable_path/Frameworks",
				);
				MARKETING_VERSION = 1.0;
				PRODUCT_BUNDLE_IDENTIFIER = "Dominique-Strachan.HotCoffee";
				PRODUCT_NAME = "$(TARGET_NAME)";
				SWIFT_EMIT_LOC_STRINGS = YES;
				SWIFT_VERSION = 5.0;
				TARGETED_DEVICE_FAMILY = "1,2";
			};
			name = Release;
		};
/* End XCBuildConfiguration section */

/* Begin XCConfigurationList section */
		D89906C42A4566D4001B0A0D /* Build configuration list for PBXProject "HotCoffee" */ = {
			isa = XCConfigurationList;
			buildConfigurations = (
				D89906DB2A4566D5001B0A0D /* Debug */,
				D89906DC2A4566D5001B0A0D /* Release */,
			);
			defaultConfigurationIsVisible = 0;
			defaultConfigurationName = Release;
		};
		D89906DD2A4566D5001B0A0D /* Build configuration list for PBXNativeTarget "HotCoffee" */ = {
			isa = XCConfigurationList;
			buildConfigurations = (
				D89906DE2A4566D5001B0A0D /* Debug */,
				D89906DF2A4566D5001B0A0D /* Release */,
			);
			defaultConfigurationIsVisible = 0;
			defaultConfigurationName = Release;
		};
/* End XCConfigurationList section */
	};
	rootObject = D89906C12A4566D4001B0A0D /* Project object */;
}
